
Microsoft Visual Studio Solution File, Format Version 12.00
# Visual Studio Version 17
VisualStudioVersion = 17.10.34928.147
MinimumVisualStudioVersion = 10.0.40219.1
Project("{FAE04EC0-301F-11D3-BF4B-00C04F79EFBC}") = "G6.NetITIMVCDay04", "G6.NetITIMVCDay04\G6.NetITIMVCDay04.csproj", "{BA9A6215-CA96-4595-8D60-AB81241288FD}"
EndProject
Global
	GlobalSection(SolutionConfigurationPlatforms) = preSolution
		Debug|Any CPU = Debug|Any CPU
		Release|Any CPU = Release|Any CPU
	EndGlobalSection
	GlobalSection(ProjectConfigurationPlatforms) = postSolution
		{BA9A6215-CA96-4595-8D60-AB81241288FD}.Debug|Any CPU.ActiveCfg = Debug|Any CPU
		{BA9A6215-CA96-4595-8D60-AB81241288FD}.Debug|Any CPU.Build.0 = Debug|Any CPU
		{BA9A6215-CA96-4595-8D60-AB81241288FD}.Release|Any CPU.ActiveCfg = Release|Any CPU
		{BA9A6215-CA96-4595-8D60-AB81241288FD}.Release|Any CPU.Build.0 = Release|Any CPU
	EndGlobalSection
	GlobalSection(SolutionProperties) = preSolution
		HideSolutionNode = FALSE
	EndGlobalSection
	GlobalSection(ExtensibilityGlobals) = postSolution
		SolutionGuid = {39816BD2-20DC-4748-8E42-63058E61E0C1}
	EndGlobalSection
EndGlobal
